
Microsoft Visual Studio Solution File, Format Version 12.00
# Visual Studio Version 16
VisualStudioVersion = 16.0.28803.202
MinimumVisualStudioVersion = 10.0.40219.1
Project("{FAE04EC0-301F-11D3-BF4B-00C04F79EFBC}") = "Canis", "Canis\Canis.csproj", "{F53186BA-5050-4102-97A0-E6C2004555A6}"
EndProject
Project("{9A19103F-16F7-4668-BE54-9A1E7A4F7556}") = "CanisModels", "CanisModels\CanisModels.csproj", "{7ADD811C-EE71-46C6-AB6C-5A9BBA0AC9E8}"
EndProject
Project("{9A19103F-16F7-4668-BE54-9A1E7A4F7556}") = "CanisBLL", "CanisBLL\CanisBLL.csproj", "{2B7FD4FC-009A-4C46-825E-51C5E2C04D43}"
EndProject
Project("{9A19103F-16F7-4668-BE54-9A1E7A4F7556}") = "CanisDAL", "CanisDAL\CanisDAL.csproj", "{62977FF0-DCF0-4AB6-8292-240A07E7CEDA}"
EndProject
Project("{9A19103F-16F7-4668-BE54-9A1E7A4F7556}") = "CanisTests", "CanisTests\CanisTests.csproj", "{D21139F8-CDCC-426D-BD0D-8C5338FF9650}"
EndProject
Global
	GlobalSection(SolutionConfigurationPlatforms) = preSolution
		Debug|Any CPU = Debug|Any CPU
		Debug|ARM = Debug|ARM
		Debug|ARM64 = Debug|ARM64
		Debug|x64 = Debug|x64
		Debug|x86 = Debug|x86
		Release|Any CPU = Release|Any CPU
		Release|ARM = Release|ARM
		Release|ARM64 = Release|ARM64
		Release|x64 = Release|x64
		Release|x86 = Release|x86
	EndGlobalSection
	GlobalSection(ProjectConfigurationPlatforms) = postSolution
		{F53186BA-5050-4102-97A0-E6C2004555A6}.Debug|Any CPU.ActiveCfg = Debug|x86
		{F53186BA-5050-4102-97A0-E6C2004555A6}.Debug|Any CPU.Build.0 = Debug|x86
		{F53186BA-5050-4102-97A0-E6C2004555A6}.Debug|Any CPU.Deploy.0 = Debug|x86
		{F53186BA-5050-4102-97A0-E6C2004555A6}.Debug|ARM.ActiveCfg = Debug|ARM
		{F53186BA-5050-4102-97A0-E6C2004555A6}.Debug|ARM.Build.0 = Debug|ARM
		{F53186BA-5050-4102-97A0-E6C2004555A6}.Debug|ARM.Deploy.0 = Debug|ARM
		{F53186BA-5050-4102-97A0-E6C2004555A6}.Debug|ARM64.ActiveCfg = Debug|ARM64
		{F53186BA-5050-4102-97A0-E6C2004555A6}.Debug|ARM64.Build.0 = Debug|ARM64
		{F53186BA-5050-4102-97A0-E6C2004555A6}.Debug|ARM64.Deploy.0 = Debug|ARM64
		{F53186BA-5050-4102-97A0-E6C2004555A6}.Debug|x64.ActiveCfg = Debug|x64
		{F53186BA-5050-4102-97A0-E6C2004555A6}.Debug|x64.Build.0 = Debug|x64
		{F53186BA-5050-4102-97A0-E6C2004555A6}.Debug|x64.Deploy.0 = Debug|x64
		{F53186BA-5050-4102-97A0-E6C2004555A6}.Debug|x86.ActiveCfg = Debug|x86
		{F53186BA-5050-4102-97A0-E6C2004555A6}.Debug|x86.Build.0 = Debug|x86
		{F53186BA-5050-4102-97A0-E6C2004555A6}.Debug|x86.Deploy.0 = Debug|x86
		{F53186BA-5050-4102-97A0-E6C2004555A6}.Release|Any CPU.ActiveCfg = Release|x86
		{F53186BA-5050-4102-97A0-E6C2004555A6}.Release|ARM.ActiveCfg = Release|ARM
		{F53186BA-5050-4102-97A0-E6C2004555A6}.Release|ARM.Build.0 = Release|ARM
		{F53186BA-5050-4102-97A0-E6C2004555A6}.Release|ARM.Deploy.0 = Release|ARM
		{F53186BA-5050-4102-97A0-E6C2004555A6}.Release|ARM64.ActiveCfg = Release|ARM64
		{F53186BA-5050-4102-97A0-E6C2004555A6}.Release|ARM64.Build.0 = Release|ARM64
		{F53186BA-5050-4102-97A0-E6C2004555A6}.Release|ARM64.Deploy.0 = Release|ARM64
		{F53186BA-5050-4102-97A0-E6C2004555A6}.Release|x64.ActiveCfg = Release|x64
		{F53186BA-5050-4102-97A0-E6C2004555A6}.Release|x64.Build.0 = Release|x64
		{F53186BA-5050-4102-97A0-E6C2004555A6}.Release|x64.Deploy.0 = Release|x64
		{F53186BA-5050-4102-97A0-E6C2004555A6}.Release|x86.ActiveCfg = Release|x86
		{F53186BA-5050-4102-97A0-E6C2004555A6}.Release|x86.Build.0 = Release|x86
		{F53186BA-5050-4102-97A0-E6C2004555A6}.Release|x86.Deploy.0 = Release|x86
		{7ADD811C-EE71-46C6-AB6C-5A9BBA0AC9E8}.Debug|Any CPU.ActiveCfg = Debug|Any CPU
		{7ADD811C-EE71-46C6-AB6C-5A9BBA0AC9E8}.Debug|Any CPU.Build.0 = Debug|Any CPU
		{7ADD811C-EE71-46C6-AB6C-5A9BBA0AC9E8}.Debug|ARM.ActiveCfg = Debug|Any CPU
		{7ADD811C-EE71-46C6-AB6C-5A9BBA0AC9E8}.Debug|ARM.Build.0 = Debug|Any CPU
		{7ADD811C-EE71-46C6-AB6C-5A9BBA0AC9E8}.Debug|ARM64.ActiveCfg = Debug|Any CPU
		{7ADD811C-EE71-46C6-AB6C-5A9BBA0AC9E8}.Debug|ARM64.Build.0 = Debug|Any CPU
		{7ADD811C-EE71-46C6-AB6C-5A9BBA0AC9E8}.Debug|x64.ActiveCfg = Debug|Any CPU
		{7ADD811C-EE71-46C6-AB6C-5A9BBA0AC9E8}.Debug|x64.Build.0 = Debug|Any CPU
		{7ADD811C-EE71-46C6-AB6C-5A9BBA0AC9E8}.Debug|x86.ActiveCfg = Debug|Any CPU
		{7ADD811C-EE71-46C6-AB6C-5A9BBA0AC9E8}.Debug|x86.Build.0 = Debug|Any CPU
		{7ADD811C-EE71-46C6-AB6C-5A9BBA0AC9E8}.Release|Any CPU.ActiveCfg = Release|Any CPU
		{7ADD811C-EE71-46C6-AB6C-5A9BBA0AC9E8}.Release|Any CPU.Build.0 = Release|Any CPU
		{7ADD811C-EE71-46C6-AB6C-5A9BBA0AC9E8}.Release|ARM.ActiveCfg = Release|Any CPU
		{7ADD811C-EE71-46C6-AB6C-5A9BBA0AC9E8}.Release|ARM.Build.0 = Release|Any CPU
		{7ADD811C-EE71-46C6-AB6C-5A9BBA0AC9E8}.Release|ARM64.ActiveCfg = Release|Any CPU
		{7ADD811C-EE71-46C6-AB6C-5A9BBA0AC9E8}.Release|ARM64.Build.0 = Release|Any CPU
		{7ADD811C-EE71-46C6-AB6C-5A9BBA0AC9E8}.Release|x64.ActiveCfg = Release|Any CPU
		{7ADD811C-EE71-46C6-AB6C-5A9BBA0AC9E8}.Release|x64.Build.0 = Release|Any CPU
		{7ADD811C-EE71-46C6-AB6C-5A9BBA0AC9E8}.Release|x86.ActiveCfg = Release|Any CPU
		{7ADD811C-EE71-46C6-AB6C-5A9BBA0AC9E8}.Release|x86.Build.0 = Release|Any CPU
		{2B7FD4FC-009A-4C46-825E-51C5E2C04D43}.Debug|Any CPU.ActiveCfg = Debug|Any CPU
		{2B7FD4FC-009A-4C46-825E-51C5E2C04D43}.Debug|Any CPU.Build.0 = Debug|Any CPU
		{2B7FD4FC-009A-4C46-825E-51C5E2C04D43}.Debug|ARM.ActiveCfg = Debug|Any CPU
		{2B7FD4FC-009A-4C46-825E-51C5E2C04D43}.Debug|ARM.Build.0 = Debug|Any CPU
		{2B7FD4FC-009A-4C46-825E-51C5E2C04D43}.Debug|ARM64.ActiveCfg = Debug|Any CPU
		{2B7FD4FC-009A-4C46-825E-51C5E2C04D43}.Debug|ARM64.Build.0 = Debug|Any CPU
		{2B7FD4FC-009A-4C46-825E-51C5E2C04D43}.Debug|x64.ActiveCfg = Debug|Any CPU
		{2B7FD4FC-009A-4C46-825E-51C5E2C04D43}.Debug|x64.Build.0 = Debug|Any CPU
		{2B7FD4FC-009A-4C46-825E-51C5E2C04D43}.Debug|x86.ActiveCfg = Debug|Any CPU
		{2B7FD4FC-009A-4C46-825E-51C5E2C04D43}.Debug|x86.Build.0 = Debug|Any CPU
		{2B7FD4FC-009A-4C46-825E-51C5E2C04D43}.Release|Any CPU.ActiveCfg = Release|Any CPU
		{2B7FD4FC-009A-4C46-825E-51C5E2C04D43}.Release|Any CPU.Build.0 = Release|Any CPU
		{2B7FD4FC-009A-4C46-825E-51C5E2C04D43}.Release|ARM.ActiveCfg = Release|Any CPU
		{2B7FD4FC-009A-4C46-825E-51C5E2C04D43}.Release|ARM.Build.0 = Release|Any CPU
		{2B7FD4FC-009A-4C46-825E-51C5E2C04D43}.Release|ARM64.ActiveCfg = Release|Any CPU
		{2B7FD4FC-009A-4C46-825E-51C5E2C04D43}.Release|ARM64.Build.0 = Release|Any CPU
		{2B7FD4FC-009A-4C46-825E-51C5E2C04D43}.Release|x64.ActiveCfg = Release|Any CPU
		{2B7FD4FC-009A-4C46-825E-51C5E2C04D43}.Release|x64.Build.0 = Release|Any CPU
		{2B7FD4FC-009A-4C46-825E-51C5E2C04D43}.Release|x86.ActiveCfg = Release|Any CPU
		{2B7FD4FC-009A-4C46-825E-51C5E2C04D43}.Release|x86.Build.0 = Release|Any CPU
		{62977FF0-DCF0-4AB6-8292-240A07E7CEDA}.Debug|Any CPU.ActiveCfg = Debug|Any CPU
		{62977FF0-DCF0-4AB6-8292-240A07E7CEDA}.Debug|Any CPU.Build.0 = Debug|Any CPU
		{62977FF0-DCF0-4AB6-8292-240A07E7CEDA}.Debug|ARM.ActiveCfg = Debug|Any CPU
		{62977FF0-DCF0-4AB6-8292-240A07E7CEDA}.Debug|ARM.Build.0 = Debug|Any CPU
		{62977FF0-DCF0-4AB6-8292-240A07E7CEDA}.Debug|ARM64.ActiveCfg = Debug|Any CPU
		{62977FF0-DCF0-4AB6-8292-240A07E7CEDA}.Debug|ARM64.Build.0 = Debug|Any CPU
		{62977FF0-DCF0-4AB6-8292-240A07E7CEDA}.Debug|x64.ActiveCfg = Debug|Any CPU
		{62977FF0-DCF0-4AB6-8292-240A07E7CEDA}.Debug|x64.Build.0 = Debug|Any CPU
		{62977FF0-DCF0-4AB6-8292-240A07E7CEDA}.Debug|x86.ActiveCfg = Debug|Any CPU
		{62977FF0-DCF0-4AB6-8292-240A07E7CEDA}.Debug|x86.Build.0 = Debug|Any CPU
		{62977FF0-DCF0-4AB6-8292-240A07E7CEDA}.Release|Any CPU.ActiveCfg = Release|Any CPU
		{62977FF0-DCF0-4AB6-8292-240A07E7CEDA}.Release|Any CPU.Build.0 = Release|Any CPU
		{62977FF0-DCF0-4AB6-8292-240A07E7CEDA}.Release|ARM.ActiveCfg = Release|Any CPU
		{62977FF0-DCF0-4AB6-8292-240A07E7CEDA}.Release|ARM.Build.0 = Release|Any CPU
		{62977FF0-DCF0-4AB6-8292-240A07E7CEDA}.Release|ARM64.ActiveCfg = Release|Any CPU
		{62977FF0-DCF0-4AB6-8292-240A07E7CEDA}.Release|ARM64.Build.0 = Release|Any CPU
		{62977FF0-DCF0-4AB6-8292-240A07E7CEDA}.Release|x64.ActiveCfg = Release|Any CPU
		{62977FF0-DCF0-4AB6-8292-240A07E7CEDA}.Release|x64.Build.0 = Release|Any CPU
		{62977FF0-DCF0-4AB6-8292-240A07E7CEDA}.Release|x86.ActiveCfg = Release|Any CPU
		{62977FF0-DCF0-4AB6-8292-240A07E7CEDA}.Release|x86.Build.0 = Release|Any CPU
		{D21139F8-CDCC-426D-BD0D-8C5338FF9650}.Debug|Any CPU.ActiveCfg = Debug|Any CPU
		{D21139F8-CDCC-426D-BD0D-8C5338FF9650}.Debug|Any CPU.Build.0 = Debug|Any CPU
		{D21139F8-CDCC-426D-BD0D-8C5338FF9650}.Debug|ARM.ActiveCfg = Debug|Any CPU
		{D21139F8-CDCC-426D-BD0D-8C5338FF9650}.Debug|ARM.Build.0 = Debug|Any CPU
		{D21139F8-CDCC-426D-BD0D-8C5338FF9650}.Debug|ARM64.ActiveCfg = Debug|Any CPU
		{D21139F8-CDCC-426D-BD0D-8C5338FF9650}.Debug|ARM64.Build.0 = Debug|Any CPU
		{D21139F8-CDCC-426D-BD0D-8C5338FF9650}.Debug|x64.ActiveCfg = Debug|Any CPU
		{D21139F8-CDCC-426D-BD0D-8C5338FF9650}.Debug|x64.Build.0 = Debug|Any CPU
		{D21139F8-CDCC-426D-BD0D-8C5338FF9650}.Debug|x86.ActiveCfg = Debug|Any CPU
		{D21139F8-CDCC-426D-BD0D-8C5338FF9650}.Debug|x86.Build.0 = Debug|Any CPU
		{D21139F8-CDCC-426D-BD0D-8C5338FF9650}.Release|Any CPU.ActiveCfg = Release|Any CPU
		{D21139F8-CDCC-426D-BD0D-8C5338FF9650}.Release|Any CPU.Build.0 = Release|Any CPU
		{D21139F8-CDCC-426D-BD0D-8C5338FF9650}.Release|ARM.ActiveCfg = Release|Any CPU
		{D21139F8-CDCC-426D-BD0D-8C5338FF9650}.Release|ARM.Build.0 = Release|Any CPU
		{D21139F8-CDCC-426D-BD0D-8C5338FF9650}.Release|ARM64.ActiveCfg = Release|Any CPU
		{D21139F8-CDCC-426D-BD0D-8C5338FF9650}.Release|ARM64.Build.0 = Release|Any CPU
		{D21139F8-CDCC-426D-BD0D-8C5338FF9650}.Release|x64.ActiveCfg = Release|Any CPU
		{D21139F8-CDCC-426D-BD0D-8C5338FF9650}.Release|x64.Build.0 = Release|Any CPU
		{D21139F8-CDCC-426D-BD0D-8C5338FF9650}.Release|x86.ActiveCfg = Release|Any CPU
		{D21139F8-CDCC-426D-BD0D-8C5338FF9650}.Release|x86.Build.0 = Release|Any CPU
	EndGlobalSection
	GlobalSection(SolutionProperties) = preSolution
		HideSolutionNode = FALSE
	EndGlobalSection
	GlobalSection(ExtensibilityGlobals) = postSolution
		SolutionGuid = {38DD0E2B-5489-4ABC-8F21-62D43DDA7F2C}
	EndGlobalSection
EndGlobal
